github.com/Masterminds/semver/v3 v3.4.0 h1:Zog+i5UMtVoCU8oKka5P7i9q9HgrJeGzI9SA1Xbatp0=
github.com/Masterminds/semver/v3 v3.4.0/go.mod h1:4V+yj/TJE1HU9XfppCwVMZq3I84lprf4nC11bSS5beM=
github.com/cespare/xxhash/v2 v2.3.0 h1:UL815xU9SqsFlibzuggzjXhog7bL6oX9BbNZnL2UFvs=
github.com/cespare/xxhash/v2 v2.3.0/go.mod h1:VGX0DQ3Q6kWi7AoAeZDth3/j3BFtOZR5XLFGgcrjCOs=
github.com/containerd/fifo v1.1.0 h1:4I2mbh5stb1u6ycIABlBw9zgtlK8viPI9QkQNRQEEmY=
github.com/containerd/fifo v1.1.0/go.mod h1:bmC4NWMbXlt2EZ0Hc7Fx7QzTFxgPID13eH0Qu+MAb2o=
github.com/containernetworking/cni v1.3.1 h1:gnHlU/YC1bJcS+CSh+pYQKeuu4O4gsMGW1NMaLhkzW4=
github.com/containernetworking/cni v1.3.1/go.mod h1:OtVXL0yXMfQb+p93OC/vRuhjpxsO1gAV0smjt28UQUQ=
github.com/containernetworking/plugins v1.9.1 h1:8oU6WsIsU3bpnNZuvHp74a6cE1MJwbj2P7s4/yTUNlA=
github.com/containernetworking/plugins v1.9.1/go.mod h1:fj7kS55qg3o/RgS+WGsF3+ZxwIImMPusQZKzBpcSr4c=
github.com/go-logr/logr v1.2.2/go.mod h1:jdQByPbusPIv2/zmleS9BjJVeZ6kBagPoEUsqbVz/1A=
github.com/go-logr/logr v1.4.4 h1:tG4xh9yMsRCAiodLVTxyrkzSZ9+o0L1Kg/+cPVcbP/8=
github.com/go-logr/logr v1.4.4/go.mod h1:9T104GzyrTigFIr8wt5mBrctHMim0Nb2HLGrmQ40KvY=
github.com/go-logr/stdr v1.2.2 h1:hSWxHoqTgW2S2qGc0LTAI563KZ5YKYRhT3MFKZMbjag=
github.com/go-logr/stdr v1.2.2/go.mod h1:mMo/vtBO5dYbehREoey6XUKy/eSumjCCveDpRre4VKE=
github.com/go-openapi/analysis v1.0.0 h1:sNvbAGCJqUTqIAodr9IVqJMmuZas3YS9ms1dGK9yiJ4=
github.com/go-openapi/analysis v1.0.0/go.mod h1:NhYjJ57fnE+bcE7UwrJyMkhWA3Dfz7TdiBfTVAnos4Y=
github.com/go-openapi/errors v0.22.8 h1:oP7sW7TWc3wFFjrzzj0nI83H2qMBkNjNfSd+XRejk/I=
github.com/go-openapi/errors v0.22.8/go.mod h1:BuUoHcYrU6E7V9gfj1I5wLQqgtIHnup/alXZ8KdgQ0w=
github.com/go-openapi/jsonpointer v1.0.1 h1:2KxywRmNwJkT/FMBa3iRNHEaAxSJvjqoufQZy3au1Mg=
github.com/go-openapi/jsonpointer v1.0.1/go.mod h1:wI7ZYsFmbIi9nBXOZqgDaS/bqOchRGZjqxFli7FBYxY=
github.com/go-openapi/jsonreference v1.0.2 h1:oS4et8FOf3p3UQxEo4Xt0esijmBUM+F259Xl72OSZsc=
github.com/go-openapi/jsonreference v1.0.2/go.mod h1:TbUNSOo+fcorZjFaNoiSDSoaNnnZtqJtLGR1PuvE/Cs=
github.com/go-openapi/loads v0.25.3 h1:V+jKy/thXWdLJUuYC8sZX2dICyAa8M3DokF70jj34P0=
github.com/go-openapi/loads v0.25.3/go.mod h1:LgLyCSOLBL2Qnj0Ps1oo2YH8jZoEKsMeVZCc+ALIxFo=
github.com/go-openapi/runtime v0.33.2 h1:HSxskMs0WmpCdQvBWVxHt2t2mXMwn8DDav3VtVidwig=
github.com/go-openapi/runtime v0.33.2/go.mod h1:NQpSLiIsEAIpZDEs6xUrhjm6ZiQh85X8bHKlqLPgNP8=
github.com/go-openapi/runtime/server-middleware v0.33.2 h1:BVFjAaW4Jh/kZ4QSsgDrGzLuSuaKzSiyvappUFKxgUk=
github.com/go-openapi/runtime/server-middleware v0.33.2/go.mod h1:E3mWY61/UgBJ5EUmKh+h6A1oQQdD1U4raowVMmPmQug=
github.com/go-openapi/spec v1.0.1 h1:lj2vdGpNDcVgwRc6qXdw6qt/KQpCtSa9tnUH6vpDPDk=
github.com/go-openapi/spec v1.0.1/go.mod h1:M//GWQGtDUAjnP37gE6fInLgaczB+FatoipV3H1fYw8=
github.com/go-openapi/strfmt v0.27.2 h1:SG32SlbwNy92s0KJiVxt2joJeFdqIYHvwrA0OU6HqzQ=
github.com/go-openapi/strfmt v0.27.2/go.mod h1:M4CKsMO0Fb8qR10+1Ra75wCKNNquy+Vj+4LWZrhTo2E=
github.com/go-openapi/swag/conv v0.29.2 h1:8c9shoB8l0QRSR6ymq1llHdBWDqpIgJfjTGHx3Vuhm0=
github.com/go-openapi/swag/conv v0.29.2/go.mod h1:AZS0YigTNf8qNtD6WqJz/N4RUNmpr76SyjFGkq4+p6Q=
github.com/go-openapi/swag/fileutils v0.29.2 h1:mdUL+Vw5ah1fO1AvFCoHeIyv7YZsCz2MN3KNqd/lLVI=
github.com/go-openapi/swag/fileutils v0.29.2/go.mod h1:7QKmmodjAebaq61lGVJa8ldLdGeMF4DSgYv8tXOGGo0=
github.com/go-openapi/swag/jsonutils v0.29.2 h1:uZNSD2/rJDYAfvsLYkykTzXuyxM3QpDKV9jhRHrMu6k=
github.com/go-openapi/swag/jsonutils v0.29.2/go.mod h1:ONTdNvj3Y+IXRzfa17E+Rgt2ns/qiSOYjIo2K7v2yDs=
github.com/go-openapi/swag/jsonutils/fixtures_test v0.29.2 h1:w+Fd6EBOMGlC74GYGHqCLGyb3Bpams8TtNrgM/SG4jo=
github.com/go-openapi/swag/jsonutils/fixtures_test v0.29.2/go.mod h1:HC2egPORFzbj/gf05Zrfgz8Mgplx3oW7hgGi7pjZVhM=
github.com/go-openapi/swag/loading v0.29.2 h1:QU1ry24e6r6Shoxe380Nx0X5iKkpRO+hJffsyJ2dVlY=
github.com/go-openapi/swag/loading v0.29.2/go.mod h1:DqilDjuiJKETecsS4TRopWG1acUDsfqN39ZmQhPu6uI=
github.com/go-openapi/swag/mangling v0.29.2 h1:ltdo3K0tTP4P6zWhVVWDU9D37/YYBuMJRdZxiS2Dtog=
github.com/go-openapi/swag/mangling v0.29.2/go.mod h1:RjDi4TnItAenS3cgCXSpIl1kKbjG7il6pnmQVl/8bp8=
github.com/go-openapi/swag/pools v0.29.2 h1:PlGoDRF8WtSyXkedZZkpW3f9wDhFf3u8KtaBcmgmh8c=
github.com/go-openapi/swag/pools v0.29.2/go.mod h1:V3lhxVT4qDYRqc2MRSSbLsTYIYV/2HlHafhyEkmzLIc=
github.com/go-openapi/swag/stringutils v0.29.2 h1:lcnBxwAaysT3bMUVBfn9V/PkfVqkurpqufKU6rTUMGk=
github.com/go-openapi/swag/stringutils v0.29.2/go.mod h1:i9cdh7sGaa0nm3CqIvH5IM5h2QClk1wns2ktKeILvRI=
github.com/go-openapi/swag/typeutils v0.29.2 h1:O7aVvkTs3pXwikgtrPLenigEMdQFgONKRooQA9pgf2I=
github.com/go-openapi/swag/typeutils v0.29.2/go.mod h1:7+GDG+uz9Ke+eVt4rClZg7wklSDp8hT/mKNh/pC26TE=
github.com/go-openapi/swag/yamlutils v0.29.2 h1:IFKFFeDnuIwzfsuWRQU+rI8iL3g4XyAYjV/RlnlxPLM=
github.com/go-openapi/swag/yamlutils v0.29.2/go.mod h1:7MGqtcrK73sxQ4ceiyIf8qiXS/s09JLMdR5esK5euYQ=
github.com/go-openapi/testify/enable/yaml/v2 v2.7.0 h1:wPW6YRgx3+SID1yUy/Xwa17L8kFEaEKod2VRbJDZNUs=
github.com/go-openapi/testify/enable/yaml/v2 v2.7.0/go.mod h1:mI1M88etYbc3PhgHsWQK2kwvNwW5aGFqMPbmib+SGIs=
github.com/go-openapi/testify/v2 v2.7.0 h1:bycOreEj6wfBvijg3YFogZ/sFjTCDmQnwSodSzHa3X8=
github.com/go-openapi/testify/v2 v2.7.0/go.mod h1:SgsVHtfooshd0tublTtJ50FPKhujf47YRqauXXOUxfw=
github.com/go-openapi/validate v1.0.0 h1:dFsYCLVUQUL6Vi2lQSexgwmCXDuHe7eWRDhQxkE+xYA=
github.com/go-openapi/validate v1.0.0/go.mod h1:wwXGRqMQzOZ7PCqBcgNk+DD9+Cacnxv7we5T0M/eA3Y=
github.com/go-ping/ping v1.2.0 h1:vsJ8slZBZAXNCK4dPcI2PEE9eM9n9RbXbGouVQ/Y4yQ=
github.com/go-ping/ping v1.2.0/go.mod h1:xIFjORFzTxqIV/tDVGO4eDy/bLuSyawEeojSm3GfRGk=
github.com/go-task/slim-sprig/v3 v3.0.0 h1:sUs3vkvUymDpBKi3qH1YSqBQk9+9D/8M2mN1vB6EwHI=
github.com/go-task/slim-sprig/v3 v3.0.0/go.mod h1:W848ghGpv3Qj3dhTPRyJypKRiqCdHZiAzKg9hl15HA8=
github.com/go-viper/mapstructure/v2 v2.5.0 h1:vM5IJoUAy3d7zRSVtIwQgBj7BiWtMPfmPEgAXnvj1Ro=
github.com/go-viper/mapstructure/v2 v2.5.0/go.mod h1:oJDH3BJKyqBA2TXFhDsKDGDTlndYOZ6rGS0BRZIxGhM=
github.com/google/go-cmp v0.7.0 h1:wk8382ETsv4JYUZwIsn6YpYiWiBsYLSJiTsyBybVuN8=
github.com/google/go-cmp v0.7.0/go.mod h1:pXiqmnSA92OHEEa9HXL2W4E7lf9JzCmGVUdgjX3N/iU=
github.com/google/pprof v0.0.0-20250820193118-f64d9cf942d6 h1:EEHtgt9IwisQ2AZ4pIsMjahcegHh6rmhqxzIRQIyepY=
github.com/google/pprof v0.0.0-20250820193118-f64d9cf942d6/go.mod h1:I6V7YzU0XDpsHqbsyrghnFZLO1gwK6NPTNvmetQIk9U=
github.com/google/uuid v1.2.0/go.mod h1:TIyPZe4MgqvfeYDBFedMoGGpEw/LqOeaOT+nhxU+yHo=
github.com/google/uuid v1.6.0 h1:NIvaJDMOsjHA8n1jAhLSgzrAzy1Hgr+hNrb57e+94F0=
github.com/google/uuid v1.6.0/go.mod h1:TIyPZe4MgqvfeYDBFedMoGGpEw/LqOeaOT+nhxU+yHo=
github.com/hashicorp/errwrap v1.0.0/go.mod h1:YH+1FKiLXxHSkmPseP+kNlulaMuP3n2brvKWEqk/Jc4=
github.com/hashicorp/errwrap v1.1.0 h1:OxrOeh75EUXMY8TBjag2fzXGZ40LB6IKw45YeGUDY2I=
github.com/hashicorp/errwrap v1.1.0/go.mod h1:YH+1FKiLXxHSkmPseP+kNlulaMuP3n2brvKWEqk/Jc4=
github.com/hashicorp/go-multierror v1.1.1 h1:H5DkEtf6CXdFp0N0Em5UCwQpXMWke8IA0+lD48awMYo=
github.com/hashicorp/go-multierror v1.1.1/go.mod h1:iw975J/qwKPdAO1clOe2L8331t/9/fmwbPZ6JB6eMoM=
github.com/mdlayher/socket v0.5.1 h1:VZaqt6RkGkt2OE9l3GcC6nZkqD3xKeQLyfleW/uBcos=
github.com/mdlayher/socket v0.5.1/go.mod h1:TjPLHI1UgwEv5J1B5q0zTZq12A/6H7nKmtTanQE37IQ=
github.com/mdlayher/vsock v1.2.1 h1:pC1mTJTvjo1r9n9fbm7S1j04rCgCzhCOS5DY0zqHlnQ=
github.com/mdlayher/vsock v1.2.1/go.mod h1:NRfCibel++DgeMD8z/hP+PPTjlNJsdPOmxcnENvE+SE=
github.com/oklog/ulid/v2 v2.1.2 h1:IEclFb9JNvzYA6MW2SCxbLzcHTVsfqm3PrqGQJH5zec=
github.com/oklog/ulid/v2 v2.1.2/go.mod h1:rcEKHmBBKfef9DhnvX7y1HZBYxjXb0cP5ExxNsTT1QQ=
github.com/onsi/ginkgo/v2 v2.25.1 h1:Fwp6crTREKM+oA6Cz4MsO8RhKQzs2/gOIVOUscMAfZY=
github.com/onsi/ginkgo/v2 v2.25.1/go.mod h1:ppTWQ1dh9KM/F1XgpeRqelR+zHVwV81DGRSDnFxK7Sk=
github.com/onsi/gomega v1.38.1 h1:FaLA8GlcpXDwsb7m0h2A9ew2aTk3vnZMlzFgg5tz/pk=
github.com/onsi/gomega v1.38.1/go.mod h1:LfcV8wZLvwcYRwPiJysphKAEsmcFnLMK/9c+PjvlX8g=
github.com/pborman/getopt v0.0.0-20170112200414-7148bc3a4c30/go.mod h1:85jBQOZwpVEaDAr341tbn15RS4fCAsIst0qp7i8ex1o=
github.com/sirupsen/logrus v1.10.2 h1:G2SED73/qrAu6YwbdxOD6peLkCBI3z7L+ykJFTXJBBo=
github.com/sirupsen/logrus v1.10.2/go.mod h1:SLEg8TqYulVKKfIGHldVp2K2aYz2DKSVBq4g/H5bR7Q=
github.com/stretchr/testify v1.12.1 h1:EuwCh5fleGS7H32xRwO3wRGT7DxrDhLAT6FF8MpWDWE=
github.com/stretchr/testify v1.12.1/go.mod h1:MDEgiDPPsNp5cuIrHPPCyornHKgEVbtFUmoNlxoYthg=
github.com/vishvananda/netlink v1.3.1 h1:3AEMt62VKqz90r0tmNhog0r/PpWKmrEShJU0wJW6bV0=
github.com/vishvananda/netlink v1.3.1/go.mod h1:ARtKouGSTGchR8aMwmkzC0qiNPrrWO5JS/XMVl45+b4=
github.com/vishvananda/netns v0.0.5 h1:DfiHV+j8bA32MFM7bfEunvT8IAqQ/NzSJHtcmW5zdEY=
github.com/vishvananda/netns v0.0.5/go.mod h1:SpkAiCQRtJ6TvvxPnOSyH3BMl6unz3xZlaprSwhNNJM=
go.opentelemetry.io/auto/sdk v1.2.1 h1:jXsnJ4Lmnqd11kwkBV2LgLoFMZKizbCi5fNZ/ipaZ64=
go.opentelemetry.io/auto/sdk v1.2.1/go.mod h1:KRTj+aOaElaLi+wW1kO/DZRXwkF4C5xPbEe3ZiIhN7Y=
go.opentelemetry.io/otel v1.46.0 h1:FHt5/CDyVxi/8IM1CH7VE/rRgq3kLHa2mSTVMO8AWyc=
go.opentelemetry.io/otel v1.46.0/go.mod h1:Gj3SEScelsNC45tp4nSxRYlS+f5iez7W8XPMCt905kE=
go.opentelemetry.io/otel/metric v1.46.0 h1:yBnkXvgV7AXFILZc5K6IZe/CBFF3OS7BJ8ov6/lj0K8=
go.opentelemetry.io/otel/metric v1.46.0/go.mod h1:iPmdWqifKUdzziPkvvzIJXITl56fQx2mGM/DHLB3/2o=
go.opentelemetry.io/otel/sdk v1.46.0 h1:h5CNQQjEbuQXY/JfZtgt3i7HVFV3aHPO2OAwO2eTYPI=
go.opentelemetry.io/otel/sdk v1.46.0/go.mod h1:GAERFXFt5SYCEB+YiKUbMBeza6UaDH7GmGOZEfh2gSM=
go.opentelemetry.io/otel/trace v1.46.0 h1:OULy7ccdJnZtJ0UDYFOIGaCmiWzJ8Vi2G/Rsu60qs1c=
go.opentelemetry.io/otel/trace v1.46.0/go.mod h1:J7GAXweO77XSFkB/rmAqk9D6ihszhFjLU+d9WuUxDLI=
go.uber.org/automaxprocs v1.6.0 h1:O3y2/QNTOdbF+e/dpXNNW7Rx2hZ4sTIPyybbxyNqTUs=
go.uber.org/automaxprocs v1.6.0/go.mod h1:ifeIMSnPZuznNm6jmdzmU3/bfk01Fe2fotchwEFJ8r8=
go.yaml.in/yaml/v3 v3.0.5 h1:N6y/pJk8buWs9NY5ERU2HSMfm+IuD/OtfdAnq6kESPw=
go.yaml.in/yaml/v3 v3.0.5/go.mod h1:HVTZu1O7/Vkt2N+BFy8Zza+lnLsABggaTM2ZpNIGuKg=
golang.org/x/crypto v0.57.0 h1:3ZVCjf8Ggz7zneR/EHRVx68Ctf+2pmIMP2UFhh9cC6M=
golang.org/x/crypto v0.57.0/go.mod h1:Fdz0i5U6CoizGwLda9DttjSk6qlZo25zYNtR+ycvuZA=
golang.org/x/net v0.0.0-20210316092652-d523dce5a7f4/go.mod h1:RBQZq4jEuRlivfhVLdyRGr576XBO4/greRjx4P4O3yc=
golang.org/x/net v0.59.0 h1:5zfYln+w5XCxwrnMMJPufRgNoXEaGxl0wo5GqPXyues=
golang.org/x/net v0.59.0/go.mod h1:2DA/G1UfVbCpQPeWTmMPGY7Cs2PkBkwu743bVX5PIVg=
golang.org/x/sync v0.0.0-20210220032951-036812b2e83c/go.mod h1:RxMgew5VJxzue5/jJTE5uejpjVlOe/izrB70Jof72aM=
golang.org/x/sync v0.23.0 h1:KameEIfc1IkluZyXWLn39Wd4tURc6GbCiISGiZm2bQk=
golang.org/x/sync v0.23.0/go.mod h1:sUUOizhqBxiL6pEWpqNLUiaJn1ShEbZ6BBqskPbjZm0=
golang.org/x/sys v0.0.0-20201119102817-f84b799fce68/go.mod h1:h1NjWce9XRLGQEsW7wpKNCjG9DtNlClVuFLEZdDNbEs=
golang.org/x/sys v0.0.0-20210315160823-c6e025ad8005/go.mod h1:h1NjWce9XRLGQEsW7wpKNCjG9DtNlClVuFLEZdDNbEs=
golang.org/x/sys v0.2.0/go.mod h1:oPkhp1MJrh7nUepCBck5+mAzfO9JrbApNNgaTdGDITg=
golang.org/x/sys v0.10.0/go.mod h1:oPkhp1MJrh7nUepCBck5+mAzfO9JrbApNNgaTdGDITg=
golang.org/x/sys v0.48.0 h1:bbX/i/6MgT9BVLM9RT1thmxL04yeTAhbEz4SyadbXoo=
golang.org/x/sys v0.48.0/go.mod h1:hNLxWAXmnKAxqDtdwIYC4bM9oQPEecfsnNMuSxOs3og=
golang.org/x/term v0.0.0-20201126162022-7de9c90e9dd1/go.mod h1:bj7SfCRtBDWHUb9snDiAeCFNEtKQo2Wmx5Cou7ajbmo=
golang.org/x/term v0.46.0 h1:3+OXuTbaKDgwk8jTi3aSLHRlmWqHEUDUtxnbFigO4YE=
golang.org/x/term v0.46.0/go.mod h1:+K02xbkittuwc0Am4abfA3Fc+XRGXkvBXNO88NCXPoc=
golang.org/x/text v0.3.3/go.mod h1:5Zoc/QRtKVWzQhOtBMvqHzDpF6irO9z98xDceosuGiQ=
golang.org/x/text v0.42.0 h1:JbOZXgfeCPU9gacVtYliJqOhD+zhrEqK4LfdpmlUZqI=
golang.org/x/text v0.42.0/go.mod h1:ojzP1Z+2QtioaF8DTtO8K5q7JWVVYwZKenzujK0Zd0E=
golang.org/x/tools v0.0.0-20180917221912-90fa682c2a6e/go.mod h1:n7NCudcB/nEzxVGmLbDWY5pfWTLqBcC2KZ6jyYvM4mQ=
golang.org/x/tools v0.49.0 h1:3NI7VXzL9+1WZD52Dx2ttoPwD5DWrFGpl9mFZDlmisI=
golang.org/x/tools v0.49.0/go.mod h1:SJNXV9DBKT0UbdttsQjbfJlAE/q+y36++zo3uL3N0Oo=
